
Microsoft Visual Studio Solution File, Format Version 12.00
# Visual Studio Version 17
VisualStudioVersion = 17.0.32112.339
MinimumVisualStudioVersion = 10.0.40219.1
Project("{FAE04EC0-301F-11D3-BF4B-00C04F79EFBC}") = "x50.ASPxGridView", "x50.ASPxGridView\x50.ASPxGridView.csproj", "{B35C58A0-D87C-40B8-AD13-BBB771CE255C}"
EndProject
Global
	GlobalSection(SolutionConfigurationPlatforms) = preSolution
		Debug|Any CPU = Debug|Any CPU
		Release|Any CPU = Release|Any CPU
	EndGlobalSection
	GlobalSection(ProjectConfigurationPlatforms) = postSolution
		{B35C58A0-D87C-40B8-AD13-BBB771CE255C}.Debug|Any CPU.ActiveCfg = Debug|Any CPU
		{B35C58A0-D87C-40B8-AD13-BBB771CE255C}.Debug|Any CPU.Build.0 = Debug|Any CPU
		{B35C58A0-D87C-40B8-AD13-BBB771CE255C}.Release|Any CPU.ActiveCfg = Release|Any CPU
		{B35C58A0-D87C-40B8-AD13-BBB771CE255C}.Release|Any CPU.Build.0 = Release|Any CPU
	EndGlobalSection
	GlobalSection(SolutionProperties) = preSolution
		HideSolutionNode = FALSE
	EndGlobalSection
	GlobalSection(ExtensibilityGlobals) = postSolution
		SolutionGuid = {B4167DE3-375B-469F-874A-06B484F6ACC3}
	EndGlobalSection
EndGlobal
